// !$*UTF8*$!
{
	archiveVersion = 1;
	classes = {
	};
	objectVersion = 50;
	objects = {

/* Begin PBXBuildFile section */
		F378CA7C234D4FA9004CDF9E /* AppDelegate.swift in Sources */ = {isa = PBXBuildFile; fileRef = F378CA7B234D4FA9004CDF9E /* AppDelegate.swift */; };
		F378CA7E234D4FA9004CDF9E /* SceneDelegate.swift in Sources */ = {isa = PBXBuildFile; fileRef = F378CA7D234D4FA9004CDF9E /* SceneDelegate.swift */; };
		F378CA80234D4FA9004CDF9E /* MainView.swift in Sources */ = {isa = PBXBuildFile; fileRef = F378CA7F234D4FA9004CDF9E /* MainView.swift */; };
		F378CA82234D4FAB004CDF9E /* Assets.xcassets in Resources */ = {isa = PBXBuildFile; fileRef = F378CA81234D4FAB004CDF9E /* Assets.xcassets */; };
		F378CA85234D4FAB004CDF9E /* Preview Assets.xcassets in Resources */ = {isa = PBXBuildFile; fileRef = F378CA84234D4FAB004CDF9E /* Preview Assets.xcassets */; };
		F378CA88234D4FAB004CDF9E /* LaunchScreen.storyboard in Resources */ = {isa = PBXBuildFile; fileRef = F378CA86234D4FAB004CDF9E /* LaunchScreen.storyboard */; };
		F378CAA1234EB178004CDF9E /* TipPercentageChoice.swift in Sources */ = {isa = PBXBuildFile; fileRef = F378CAA0234EB178004CDF9E /* TipPercentageChoice.swift */; };
		F378CAA6234EC380004CDF9E /* Currency.swift in Sources */ = {isa = PBXBuildFile; fileRef = F378CAA5234EC380004CDF9E /* Currency.swift */; };
		F380E2EB235807F30048B6F3 /* View+ConditionallyApply.swift in Sources */ = {isa = PBXBuildFile; fileRef = F380E2EA235807F30048B6F3 /* View+ConditionallyApply.swift */; };
		F380E2ED235808610048B6F3 /* ForegroundColor.swift in Sources */ = {isa = PBXBuildFile; fileRef = F380E2EC235808610048B6F3 /* ForegroundColor.swift */; };
/* End PBXBuildFile section */

/* Begin PBXFileReference section */
		F378CA78234D4FA9004CDF9E /* WeSplit 2.app */ = {isa = PBXFileReference; explicitFileType = wrapper.application; includeInIndex = 0; path = "WeSplit 2.app"; sourceTree = BUILT_PRODUCTS_DIR; };
		F378CA7B234D4FA9004CDF9E /* AppDelegate.swift */ = {isa = PBXFileReference; lastKnownFileType = sourcecode.swift; path = AppDelegate.swift; sourceTree = "<group>"; };
		F378CA7D234D4FA9004CDF9E /* SceneDelegate.swift */ = {isa = PBXFileReference; lastKnownFileType = sourcecode.swift; path = SceneDelegate.swift; sourceTree = "<group>"; };
		F378CA7F234D4FA9004CDF9E /* MainView.swift */ = {isa = PBXFileReference; lastKnownFileType = sourcecode.swift; path = MainView.swift; sourceTree = "<group>"; };
		F378CA81234D4FAB004CDF9E /* Assets.xcassets */ = {isa = PBXFileReference; lastKnownFileType = folder.assetcatalog; path = Assets.xcassets; sourceTree = "<group>"; };
		F378CA84234D4FAB004CDF9E /* Preview Assets.xcassets */ = {isa = PBXFileReference; lastKnownFileType = folder.assetcatalog; path = "Preview Assets.xcassets"; sourceTree = "<group>"; };
		F378CA87234D4FAB004CDF9E /* Base */ = {isa = PBXFileReference; lastKnownFileType = file.storyboard; name = Base; path = Base.lproj/LaunchScreen.storyboard; sourceTree = "<group>"; };
		F378CA89234D4FAB004CDF9E /* Info.plist */ = {isa = PBXFileReference; lastKnownFileType = text.plist.xml; path = Info.plist; sourceTree = "<group>"; };
		F378CAA0234EB178004CDF9E /* TipPercentageChoice.swift */ = {isa = PBXFileReference; lastKnownFileType = sourcecode.swift; path = TipPercentageChoice.swift; sourceTree = "<group>"; };
		F378CAA5234EC380004CDF9E /* Currency.swift */ = {isa = PBXFileReference; lastKnownFileType = sourcecode.swift; path = Currency.swift; sourceTree = "<group>"; };
		F380E2EA235807F30048B6F3 /* View+ConditionallyApply.swift */ = {isa = PBXFileReference; lastKnownFileType = sourcecode.swift; path = "View+ConditionallyApply.swift"; sourceTree = "<group>"; };
		F380E2EC235808610048B6F3 /* ForegroundColor.swift */ = {isa = PBXFileReference; lastKnownFileType = sourcecode.swift; path = ForegroundColor.swift; sourceTree = "<group>"; };
/* End PBXFileReference section */

/* Begin PBXFrameworksBuildPhase section */
		F378CA75234D4FA9004CDF9E /* Frameworks */ = {
			isa = PBXFrameworksBuildPhase;
			buildActionMask = 2147483647;
			files = (
			);
			runOnlyForDeploymentPostprocessing = 0;
		};
/* End PBXFrameworksBuildPhase section */

/* Begin PBXGroup section */
		F378CA6F234D4FA9004CDF9E = {
			isa = PBXGroup;
			children = (
				F378CA7A234D4FA9004CDF9E /* WeSplit */,
				F378CA79234D4FA9004CDF9E /* Products */,
			);
			sourceTree = "<group>";
		};
		F378CA79234D4FA9004CDF9E /* Products */ = {
			isa = PBXGroup;
			children = (
				F378CA78234D4FA9004CDF9E /* WeSplit 2.app */,
			);
			name = Products;
			sourceTree = "<group>";
		};
		F378CA7A234D4FA9004CDF9E /* WeSplit */ = {
			isa = PBXGroup;
			children = (
				F378CA89234D4FAB004CDF9E /* Info.plist */,
				F378CA7B234D4FA9004CDF9E /* AppDelegate.swift */,
				F378CA7D234D4FA9004CDF9E /* SceneDelegate.swift */,
				F378CA81234D4FAB004CDF9E /* Assets.xcassets */,
				F378CA86234D4FAB004CDF9E /* LaunchScreen.storyboard */,
				F378CA83234D4FAB004CDF9E /* Preview Content */,
				F378CA9F234EB151004CDF9E /* Reusables */,
				F378CA9E234EB064004CDF9E /* Scenes */,
			);
			path = WeSplit;
			sourceTree = "<group>";
		};
		F378CA83234D4FAB004CDF9E /* Preview Content */ = {
			isa = PBXGroup;
			children = (
				F378CA84234D4FAB004CDF9E /* Preview Assets.xcassets */,
			);
			path = "Preview Content";
			sourceTree = "<group>";
		};
		F378CA9E234EB064004CDF9E /* Scenes */ = {
			isa = PBXGroup;
			children = (
				F378CA7F234D4FA9004CDF9E /* MainView.swift */,
			);
			path = Scenes;
			sourceTree = "<group>";
		};
		F378CA9F234EB151004CDF9E /* Reusables */ = {
			isa = PBXGroup;
			children = (
				F380E2E9235807D90048B6F3 /* View Modifiers */,
				F380E2E8235807D20048B6F3 /* Extensions */,
				F378CAA4234EC377004CDF9E /* Models */,
				F378CAA0234EB178004CDF9E /* TipPercentageChoice.swift */,
			);
			path = Reusables;
			sourceTree = "<group>";
		};
		F378CAA4234EC377004CDF9E /* Models */ = {
			isa = PBXGroup;
			children = (
				F378CAA5234EC380004CDF9E /* Currency.swift */,
			);
			path = Models;
			sourceTree = "<group>";
		};
		F380E2E8235807D20048B6F3 /* Extensions */ = {
			isa = PBXGroup;
			children = (
				F380E2EA235807F30048B6F3 /* View+ConditionallyApply.swift */,
			);
			path = Extensions;
			sourceTree = "<group>";
		};
		F380E2E9235807D90048B6F3 /* View Modifiers */ = {
			isa = PBXGroup;
			children = (
				F380E2EC235808610048B6F3 /* ForegroundColor.swift */,
			);
			path = "View Modifiers";
			sourceTree = "<group>";
		};
/* End PBXGroup section */

/* Begin PBXNativeTarget section */
		F378CA77234D4FA9004CDF9E /* WeSplit 2 */ = {
			isa = PBXNativeTarget;
			buildConfigurationList = F378CA8C234D4FAB004CDF9E /* Build configuration list for PBXNativeTarget "WeSplit 2" */;
			buildPhases = (
				F378CA74234D4FA9004CDF9E /* Sources */,
				F378CA75234D4FA9004CDF9E /* Frameworks */,
				F378CA76234D4FA9004CDF9E /* Resources */,
			);
			buildRules = (
			);
			dependencies = (
			);
			name = "WeSplit 2";
			productName = WeSplit;
			productReference = F378CA78234D4FA9004CDF9E /* WeSplit 2.app */;
			productType = "com.apple.product-type.application";
		};
/* End PBXNativeTarget section */

/* Begin PBXProject section */
		F378CA70234D4FA9004CDF9E /* Project object */ = {
			isa = PBXProject;
			attributes = {
				LastSwiftUpdateCheck = 1110;
				LastUpgradeCheck = 1110;
				ORGANIZATIONNAME = CypherPoet;
				TargetAttributes = {
					F378CA77234D4FA9004CDF9E = {
						CreatedOnToolsVersion = 11.1;
					};
				};
			};
			buildConfigurationList = F378CA73234D4FA9004CDF9E /* Build configuration list for PBXProject "WeSplit" */;
			compatibilityVersion = "Xcode 9.3";
			developmentRegion = en;
			hasScannedForEncodings = 0;
			knownRegions = (
				en,
				Base,
			);
			mainGroup = F378CA6F234D4FA9004CDF9E;
			productRefGroup = F378CA79234D4FA9004CDF9E /* Products */;
			projectDirPath = "";
			projectRoot = "";
			targets = (
				F378CA77234D4FA9004CDF9E /* WeSplit 2 */,
			);
		};
/* End PBXProject section */

/* Begin PBXResourcesBuildPhase section */
		F378CA76234D4FA9004CDF9E /* Resources */ = {
			isa = PBXResourcesBuildPhase;
			buildActionMask = 2147483647;
			files = (
				F378CA88234D4FAB004CDF9E /* LaunchScreen.storyboard in Resources */,
				F378CA85234D4FAB004CDF9E /* Preview Assets.xcassets in Resources */,
				F378CA82234D4FAB004CDF9E /* Assets.xcassets in Resources */,
			);
			runOnlyForDeploymentPostprocessing = 0;
		};
/* End PBXResourcesBuildPhase section */

/* Begin PBXSourcesBuildPhase section */
		F378CA74234D4FA9004CDF9E /* Sources */ = {
			isa = PBXSourcesBuildPhase;
			buildActionMask = 2147483647;
			files = (
				F378CA7C234D4FA9004CDF9E /* AppDelegate.swift in Sources */,
				F380E2ED235808610048B6F3 /* ForegroundColor.swift in Sources */,
				F378CAA6234EC380004CDF9E /* Currency.swift in Sources */,
				F378CA7E234D4FA9004CDF9E /* SceneDelegate.swift in Sources */,
				F378CAA1234EB178004CDF9E /* TipPercentageChoice.swift in Sources */,
				F378CA80234D4FA9004CDF9E /* MainView.swift in Sources */,
				F380E2EB235807F30048B6F3 /* View+ConditionallyApply.swift in Sources */,
			);
			runOnlyForDeploymentPostprocessing = 0;
		};
/* End PBXSourcesBuildPhase section */

/* Begin PBXVariantGroup section */
		F378CA86234D4FAB004CDF9E /* LaunchScreen.storyboard */ = {
			isa = PBXVariantGroup;
			children = (
				F378CA87234D4FAB004CDF9E /* Base */,
			);
			name = LaunchScreen.storyboard;
			sourceTree = "<group>";
		};
/* End PBXVariantGroup section */

/* Begin XCBuildConfiguration section */
		F378CA8A234D4FAB004CDF9E /* Debug */ = {
			isa = XCBuildConfiguration;
			buildSettings = {
				ALWAYS_SEARCH_USER_PATHS = NO;
				CLANG_ANALYZER_NONNULL = YES;
				CLANG_ANALYZER_NUMBER_OBJECT_CONVERSION = YES_AGGRESSIVE;
				CLANG_CXX_LANGUAGE_STANDARD = "gnu++14";
				CLANG_CXX_LIBRARY = "libc++";
				CLANG_ENABLE_MODULES = YES;
				CLANG_ENABLE_OBJC_ARC = YES;
				CLANG_ENABLE_OBJC_WEAK = YES;
				CLANG_WARN_BLOCK_CAPTURE_AUTORELEASING = YES;
				CLANG_WARN_BOOL_CONVERSION = YES;
				CLANG_WARN_COMMA = YES;
				CLANG_WARN_CONSTANT_CONVERSION = YES;
				CLANG_WARN_DEPRECATED_OBJC_IMPLEMENTATIONS = YES;
				CLANG_WARN_DIRECT_OBJC_ISA_USAGE = YES_ERROR;
				CLANG_WARN_DOCUMENTATION_COMMENTS = YES;
				CLANG_WARN_EMPTY_BODY = YES;
				CLANG_WARN_ENUM_CONVERSION = YES;
				CLANG_WARN_INFINITE_RECURSION = YES;
				CLANG_WARN_INT_CONVERSION = YES;
				CLANG_WARN_NON_LITERAL_NULL_CONVERSION = YES;
				CLANG_WARN_OBJC_IMPLICIT_RETAIN_SELF = YES;
				CLANG_WARN_OBJC_LITERAL_CONVERSION = YES;
				CLANG_WARN_OBJC_ROOT_CLASS = YES_ERROR;
				CLANG_WARN_RANGE_LOOP_ANALYSIS = YES;
				CLANG_WARN_STRICT_PROTOTYPES = YES;
				CLANG_WARN_SUSPICIOUS_MOVE = YES;
				CLANG_WARN_UNGUARDED_AVAILABILITY = YES_AGGRESSIVE;
				CLANG_WARN_UNREACHABLE_CODE = YES;
				CLANG_WARN__DUPLICATE_METHOD_MATCH = YES;
				COPY_PHASE_STRIP = NO;
				DEBUG_INFORMATION_FORMAT = dwarf;
				ENABLE_STRICT_OBJC_MSGSEND = YES;
				ENABLE_TESTABILITY = YES;
				GCC_C_LANGUAGE_STANDARD = gnu11;
				GCC_DYNAMIC_NO_PIC = NO;
				GCC_NO_COMMON_BLOCKS = YES;
				GCC_OPTIMIZATION_LEVEL = 0;
				GCC_PREPROCESSOR_DEFINITIONS = (
					"DEBUG=1",
					"$(inherited)",
				);
				GCC_WARN_64_TO_32_BIT_CONVERSION = YES;
				GCC_WARN_ABOUT_RETURN_TYPE = YES_ERROR;
				GCC_WARN_UNDECLARED_SELECTOR = YES;
				GCC_WARN_UNINITIALIZED_AUTOS = YES_AGGRESSIVE;
				GCC_WARN_UNUSED_FUNCTION = YES;
				GCC_WARN_UNUSED_VARIABLE = YES;
				IPHONEOS_DEPLOYMENT_TARGET = 13.1;
				MTL_ENABLE_DEBUG_INFO = INCLUDE_SOURCE;
				MTL_FAST_MATH = YES;
				ONLY_ACTIVE_ARCH = YES;
				SDKROOT = iphoneos;
				SWIFT_ACTIVE_COMPILATION_CONDITIONS = DEBUG;
				SWIFT_OPTIMIZATION_LEVEL = "-Onone";
			};
			name = Debug;
		};
		F378CA8B234D4FAB004CDF9E /* Release */ = {
			isa = XCBuildConfiguration;
			buildSettings = {
				ALWAYS_SEARCH_USER_PATHS = NO;
				CLANG_ANALYZER_NONNULL = YES;
				CLANG_ANALYZER_NUMBER_OBJECT_CONVERSION = YES_AGGRESSIVE;
				CLANG_CXX_LANGUAGE_STANDARD = "gnu++14";
				CLANG_CXX_LIBRARY = "libc++";
				CLANG_ENABLE_MODULES = YES;
				CLANG_ENABLE_OBJC_ARC = YES;
				CLANG_ENABLE_OBJC_WEAK = YES;
				CLANG_WARN_BLOCK_CAPTURE_AUTORELEASING = YES;
				CLANG_WARN_BOOL_CONVERSION = YES;
				CLANG_WARN_COMMA = YES;
				CLANG_WARN_CONSTANT_CONVERSION = YES;
				CLANG_WARN_DEPRECATED_OBJC_IMPLEMENTATIONS = YES;
				CLANG_WARN_DIRECT_OBJC_ISA_USAGE = YES_ERROR;
				CLANG_WARN_DOCUMENTATION_COMMENTS = YES;
				CLANG_WARN_EMPTY_BODY = YES;
				CLANG_WARN_ENUM_CONVERSION = YES;
				CLANG_WARN_INFINITE_RECURSION = YES;
				CLANG_WARN_INT_CONVERSION = YES;
				CLANG_WARN_NON_LITERAL_NULL_CONVERSION = YES;
				CLANG_WARN_OBJC_IMPLICIT_RETAIN_SELF = YES;
				CLANG_WARN_OBJC_LITERAL_CONVERSION = YES;
				CLANG_WARN_OBJC_ROOT_CLASS = YES_ERROR;
				CLANG_WARN_RANGE_LOOP_ANALYSIS = YES;
				CLANG_WARN_STRICT_PROTOTYPES = YES;
				CLANG_WARN_SUSPICIOUS_MOVE = YES;
				CLANG_WARN_UNGUARDED_AVAILABILITY = YES_AGGRESSIVE;
				CLANG_WARN_UNREACHABLE_CODE = YES;
				CLANG_WARN__DUPLICATE_METHOD_MATCH = YES;
				COPY_PHASE_STRIP = NO;
				DEBUG_INFORMATION_FORMAT = "dwarf-with-dsym";
				ENABLE_NS_ASSERTIONS = NO;
				ENABLE_STRICT_OBJC_MSGSEND = YES;
				GCC_C_LANGUAGE_STANDARD = gnu11;
				GCC_NO_COMMON_BLOCKS = YES;
				GCC_WARN_64_TO_32_BIT_CONVERSION = YES;
				GCC_WARN_ABOUT_RETURN_TYPE = YES_ERROR;
				GCC_WARN_UNDECLARED_SELECTOR = YES;
				GCC_WARN_UNINITIALIZED_AUTOS = YES_AGGRESSIVE;
				GCC_WARN_UNUSED_FUNCTION = YES;
				GCC_WARN_UNUSED_VARIABLE = YES;
				IPHONEOS_DEPLOYMENT_TARGET = 13.1;
				MTL_ENABLE_DEBUG_INFO = NO;
				MTL_FAST_MATH = YES;
				SDKROOT = iphoneos;
				SWIFT_COMPILATION_MODE = wholemodule;
				SWIFT_OPTIMIZATION_LEVEL = "-O";
				VALIDATE_PRODUCT = YES;
			};
			name = Release;
		};
		F378CA8D234D4FAB004CDF9E /* Debug */ = {
			isa = XCBuildConfiguration;
			buildSettings = {
				ASSETCATALOG_COMPILER_APPICON_NAME = AppIcon;
				CODE_SIGN_STYLE = Automatic;
				DEVELOPMENT_ASSET_PATHS = "\"WeSplit/Preview Content\"";
				DEVELOPMENT_TEAM = QRXXH2RKAG;
				ENABLE_PREVIEWS = YES;
				INFOPLIST_FILE = WeSplit/Info.plist;
				LD_RUNPATH_SEARCH_PATHS = (
					"$(inherited)",
					"@executable_path/Frameworks",
				);
				PRODUCT_BUNDLE_IDENTIFIER = io.github.cypherpoet.WeSplit;
				PRODUCT_NAME = "$(TARGET_NAME)";
				SWIFT_VERSION = 5.0;
				TARGETED_DEVICE_FAMILY = "1,2";
			};
			name = Debug;
		};
		F378CA8E234D4FAB004CDF9E /* Release */ = {
			isa = XCBuildConfiguration;
			buildSettings = {
				ASSETCATALOG_COMPILER_APPICON_NAME = AppIcon;
				CODE_SIGN_STYLE = Automatic;
				DEVELOPMENT_ASSET_PATHS = "\"WeSplit/Preview Content\"";
				DEVELOPMENT_TEAM = QRXXH2RKAG;
				ENABLE_PREVIEWS = YES;
				INFOPLIST_FILE = WeSplit/Info.plist;
				LD_RUNPATH_SEARCH_PATHS = (
					"$(inherited)",
					"@executable_path/Frameworks",
				);
				PRODUCT_BUNDLE_IDENTIFIER = io.github.cypherpoet.WeSplit;
				PRODUCT_NAME = "$(TARGET_NAME)";
				SWIFT_VERSION = 5.0;
				TARGETED_DEVICE_FAMILY = "1,2";
			};
			name = Release;
		};
/* End XCBuildConfiguration section */

/* Begin XCConfigurationList section */
		F378CA73234D4FA9004CDF9E /* Build configuration list for PBXProject "WeSplit" */ = {
			isa = XCConfigurationList;
			buildConfigurations = (
				F378CA8A234D4FAB004CDF9E /* Debug */,
				F378CA8B234D4FAB004CDF9E /* Release */,
			);
			defaultConfigurationIsVisible = 0;
			defaultConfigurationName = Release;
		};
		F378CA8C234D4FAB004CDF9E /* Build configuration list for PBXNativeTarget "WeSplit 2" */ = {
			isa = XCConfigurationList;
			buildConfigurations = (
				F378CA8D234D4FAB004CDF9E /* Debug */,
				F378CA8E234D4FAB004CDF9E /* Release */,
			);
			defaultConfigurationIsVisible = 0;
			defaultConfigurationName = Release;
		};
/* End XCConfigurationList section */
	};
	rootObject = F378CA70234D4FA9004CDF9E /* Project object */;
}
