{
  "object": {
    "pins": [
      {
        "package": "Burritos",
        "repositoryURL": "https://github.com/guillermomuntaner/Burritos.git",
        "state": {
          "branch": null,
          "revision": "309dbe1b5b3af8839ca6a7ebb2ad6ddf041bf420",
          "version": "0.0.3"
        }
      },
      {
        "package": "CypherPoetCoreDataKit",
        "repositoryURL": "https://github.com/CypherPoet/CypherPoetCoreDataKit.git",
        "state": {
          "branch": null,
          "revision": "dc317bf98ab5674f4c40ddcdbcb882738d4f8ac3",
          "version": "0.0.7"
        }
      },
      {
        "package": "CypherPoetSwiftUIAnimationKit",
        "repositoryURL": "https://github.com/CypherPoet/CypherPoetSwiftUIAnimationKit.git",
        "state": {
          "branch": null,
          "revision": "5c18b74c9f1ada729b0e3d3ec5c2ad95043a809d",
          "version": "0.0.1"
        }
      },
      {
        "package": "CypherPoetSwiftUIKit",
        "repositoryURL": "https://github.com/CypherPoet/CypherPoetSwiftUIKit.git",
        "state": {
          "branch": null,
          "revision": "65d4268cddbedfeabe44cd625b35bd1812a37587",
          "version": "0.0.33"
        }
      },
      {
        "package": "KeyboardAvoider",
        "repositoryURL": "https://github.com/michaelhenry/KeyboardAvoider.git",
        "state": {
          "branch": null,
          "revision": "bad568189de163e188596edcb14f9344b35f4032",
          "version": "1.0.1"
        }
      }
    ]
  },
  "version": 1
}
