{
  "object": {
    "pins": [
      {
        "package": "Burritos",
        "repositoryURL": "https://github.com/guillermomuntaner/Burritos.git",
        "state": {
          "branch": null,
          "revision": "309dbe1b5b3af8839ca6a7ebb2ad6ddf041bf420",
          "version": "0.0.3"
        }
      },
      {
        "package": "CypherPoetCoreDataKit",
        "repositoryURL": "https://github.com/CypherPoet/CypherPoetCoreDataKit.git",
        "state": {
          "branch": null,
          "revision": "de9ffe954b47d9c92c9428d95a3a4e68884bca82",
          "version": "0.0.2"
        }
      },
      {
        "package": "CypherPoetSwiftUIKit",
        "repositoryURL": "https://github.com/CypherPoet/CypherPoetSwiftUIKit.git",
        "state": {
          "branch": null,
          "revision": "f0fa21333a77b1a429b3d385d0019ed8c0df2d89",
          "version": "0.0.28"
        }
      }
    ]
  },
  "version": 1
}
