{
  "object": {
    "pins": [
      {
        "package": "CypherPoetCoreDataKit",
        "repositoryURL": "https://github.com/CypherPoet/CypherPoetCoreDataKit.git",
        "state": {
          "branch": null,
          "revision": "4c02f3fa248d3b6c606a77f2f6c7c54eafb53bca",
          "version": "0.0.8"
        }
      },
      {
        "package": "CypherPoetPropertyWrappers",
        "repositoryURL": "https://github.com/CypherPoet/CypherPoetPropertyWrappers.git",
        "state": {
          "branch": null,
          "revision": "9e1c62432f5a25a159e80dee28965e8cc20b7939",
          "version": "0.0.1"
        }
      },
      {
        "package": "CypherPoetSwiftUIKit",
        "repositoryURL": "https://github.com/CypherPoet/CypherPoetSwiftUIKit.git",
        "state": {
          "branch": null,
          "revision": "371baaf215e956a259b7d34489ae13fcbc67543e",
          "version": "0.0.38"
        }
      }
    ]
  },
  "version": 1
}
