// !$*UTF8*$!
{
	archiveVersion = 1;
	classes = {
	};
	objectVersion = 50;
	objects = {

/* Begin PBXBuildFile section */
		F3171A422371B5360015255E /* AppDelegate.swift in Sources */ = {isa = PBXBuildFile; fileRef = F3171A412371B5360015255E /* AppDelegate.swift */; };
		F3171A442371B5360015255E /* SceneDelegate.swift in Sources */ = {isa = PBXBuildFile; fileRef = F3171A432371B5360015255E /* SceneDelegate.swift */; };
		F3171A482371B5390015255E /* Assets.xcassets in Resources */ = {isa = PBXBuildFile; fileRef = F3171A472371B5390015255E /* Assets.xcassets */; };
		F3171A4B2371B5390015255E /* Preview Assets.xcassets in Resources */ = {isa = PBXBuildFile; fileRef = F3171A4A2371B5390015255E /* Preview Assets.xcassets */; };
		F3171A4E2371B5390015255E /* LaunchScreen.storyboard in Resources */ = {isa = PBXBuildFile; fileRef = F3171A4C2371B5390015255E /* LaunchScreen.storyboard */; };
		F3171A572371B83D0015255E /* MainView.swift in Sources */ = {isa = PBXBuildFile; fileRef = F3171A562371B83D0015255E /* MainView.swift */; };
		F3171A5E2371BC300015255E /* TrianglePathExample.swift in Sources */ = {isa = PBXBuildFile; fileRef = F3171A5D2371BC300015255E /* TrianglePathExample.swift */; };
		F3171A602371C9E70015255E /* CustomShapesExample.swift in Sources */ = {isa = PBXBuildFile; fileRef = F3171A5F2371C9E70015255E /* CustomShapesExample.swift */; };
		F3171A632371CA470015255E /* Triangle.swift in Sources */ = {isa = PBXBuildFile; fileRef = F3171A622371CA470015255E /* Triangle.swift */; };
		F3171A652371D09F0015255E /* Arc.swift in Sources */ = {isa = PBXBuildFile; fileRef = F3171A642371D09F0015255E /* Arc.swift */; };
		F3D0D355237253DB001524CD /* RadialFlowerExample.swift in Sources */ = {isa = PBXBuildFile; fileRef = F3D0D354237253DB001524CD /* RadialFlowerExample.swift */; };
		F3D0D35723725622001524CD /* RadialFlower.swift in Sources */ = {isa = PBXBuildFile; fileRef = F3D0D35623725622001524CD /* RadialFlower.swift */; };
/* End PBXBuildFile section */

/* Begin PBXFileReference section */
		F3171A3E2371B5360015255E /* DrawingSandbox.app */ = {isa = PBXFileReference; explicitFileType = wrapper.application; includeInIndex = 0; path = DrawingSandbox.app; sourceTree = BUILT_PRODUCTS_DIR; };
		F3171A412371B5360015255E /* AppDelegate.swift */ = {isa = PBXFileReference; lastKnownFileType = sourcecode.swift; path = AppDelegate.swift; sourceTree = "<group>"; };
		F3171A432371B5360015255E /* SceneDelegate.swift */ = {isa = PBXFileReference; lastKnownFileType = sourcecode.swift; path = SceneDelegate.swift; sourceTree = "<group>"; };
		F3171A472371B5390015255E /* Assets.xcassets */ = {isa = PBXFileReference; lastKnownFileType = folder.assetcatalog; path = Assets.xcassets; sourceTree = "<group>"; };
		F3171A4A2371B5390015255E /* Preview Assets.xcassets */ = {isa = PBXFileReference; lastKnownFileType = folder.assetcatalog; path = "Preview Assets.xcassets"; sourceTree = "<group>"; };
		F3171A4D2371B5390015255E /* Base */ = {isa = PBXFileReference; lastKnownFileType = file.storyboard; name = Base; path = Base.lproj/LaunchScreen.storyboard; sourceTree = "<group>"; };
		F3171A4F2371B5390015255E /* Info.plist */ = {isa = PBXFileReference; lastKnownFileType = text.plist.xml; path = Info.plist; sourceTree = "<group>"; };
		F3171A562371B83D0015255E /* MainView.swift */ = {isa = PBXFileReference; lastKnownFileType = sourcecode.swift; path = MainView.swift; sourceTree = "<group>"; };
		F3171A5D2371BC300015255E /* TrianglePathExample.swift */ = {isa = PBXFileReference; lastKnownFileType = sourcecode.swift; path = TrianglePathExample.swift; sourceTree = "<group>"; };
		F3171A5F2371C9E70015255E /* CustomShapesExample.swift */ = {isa = PBXFileReference; lastKnownFileType = sourcecode.swift; path = CustomShapesExample.swift; sourceTree = "<group>"; };
		F3171A622371CA470015255E /* Triangle.swift */ = {isa = PBXFileReference; lastKnownFileType = sourcecode.swift; path = Triangle.swift; sourceTree = "<group>"; };
		F3171A642371D09F0015255E /* Arc.swift */ = {isa = PBXFileReference; lastKnownFileType = sourcecode.swift; path = Arc.swift; sourceTree = "<group>"; };
		F3D0D354237253DB001524CD /* RadialFlowerExample.swift */ = {isa = PBXFileReference; lastKnownFileType = sourcecode.swift; path = RadialFlowerExample.swift; sourceTree = "<group>"; };
		F3D0D35623725622001524CD /* RadialFlower.swift */ = {isa = PBXFileReference; lastKnownFileType = sourcecode.swift; path = RadialFlower.swift; sourceTree = "<group>"; };
/* End PBXFileReference section */

/* Begin PBXFrameworksBuildPhase section */
		F3171A3B2371B5360015255E /* Frameworks */ = {
			isa = PBXFrameworksBuildPhase;
			buildActionMask = 2147483647;
			files = (
			);
			runOnlyForDeploymentPostprocessing = 0;
		};
/* End PBXFrameworksBuildPhase section */

/* Begin PBXGroup section */
		F3171A352371B5360015255E = {
			isa = PBXGroup;
			children = (
				F3171A402371B5360015255E /* DrawingSandbox */,
				F3171A3F2371B5360015255E /* Products */,
			);
			sourceTree = "<group>";
		};
		F3171A3F2371B5360015255E /* Products */ = {
			isa = PBXGroup;
			children = (
				F3171A3E2371B5360015255E /* DrawingSandbox.app */,
			);
			name = Products;
			sourceTree = "<group>";
		};
		F3171A402371B5360015255E /* DrawingSandbox */ = {
			isa = PBXGroup;
			children = (
				F3171A592371BBE80015255E /* Reusables */,
				F3171A4F2371B5390015255E /* Info.plist */,
				F3171A412371B5360015255E /* AppDelegate.swift */,
				F3171A432371B5360015255E /* SceneDelegate.swift */,
				F3171A4C2371B5390015255E /* LaunchScreen.storyboard */,
				F3171A492371B5390015255E /* Preview Content */,
				F3171A582371B88D0015255E /* Resources */,
				F3171A552371B8270015255E /* Scenes */,
			);
			path = DrawingSandbox;
			sourceTree = "<group>";
		};
		F3171A492371B5390015255E /* Preview Content */ = {
			isa = PBXGroup;
			children = (
				F3171A4A2371B5390015255E /* Preview Assets.xcassets */,
			);
			path = "Preview Content";
			sourceTree = "<group>";
		};
		F3171A552371B8270015255E /* Scenes */ = {
			isa = PBXGroup;
			children = (
				F3171A562371B83D0015255E /* MainView.swift */,
				F3171A5D2371BC300015255E /* TrianglePathExample.swift */,
				F3171A5F2371C9E70015255E /* CustomShapesExample.swift */,
				F3D0D354237253DB001524CD /* RadialFlowerExample.swift */,
			);
			path = Scenes;
			sourceTree = "<group>";
		};
		F3171A582371B88D0015255E /* Resources */ = {
			isa = PBXGroup;
			children = (
				F3171A472371B5390015255E /* Assets.xcassets */,
			);
			path = Resources;
			sourceTree = "<group>";
		};
		F3171A592371BBE80015255E /* Reusables */ = {
			isa = PBXGroup;
			children = (
				F3171A612371CA220015255E /* Shapes */,
				F3171A5A2371BBED0015255E /* Paths */,
			);
			path = Reusables;
			sourceTree = "<group>";
		};
		F3171A5A2371BBED0015255E /* Paths */ = {
			isa = PBXGroup;
			children = (
			);
			path = Paths;
			sourceTree = "<group>";
		};
		F3171A612371CA220015255E /* Shapes */ = {
			isa = PBXGroup;
			children = (
				F3171A622371CA470015255E /* Triangle.swift */,
				F3D0D35623725622001524CD /* RadialFlower.swift */,
				F3171A642371D09F0015255E /* Arc.swift */,
			);
			path = Shapes;
			sourceTree = "<group>";
		};
/* End PBXGroup section */

/* Begin PBXNativeTarget section */
		F3171A3D2371B5360015255E /* DrawingSandbox */ = {
			isa = PBXNativeTarget;
			buildConfigurationList = F3171A522371B5390015255E /* Build configuration list for PBXNativeTarget "DrawingSandbox" */;
			buildPhases = (
				F3171A3A2371B5360015255E /* Sources */,
				F3171A3B2371B5360015255E /* Frameworks */,
				F3171A3C2371B5360015255E /* Resources */,
			);
			buildRules = (
			);
			dependencies = (
			);
			name = DrawingSandbox;
			productName = DrawingSandbox;
			productReference = F3171A3E2371B5360015255E /* DrawingSandbox.app */;
			productType = "com.apple.product-type.application";
		};
/* End PBXNativeTarget section */

/* Begin PBXProject section */
		F3171A362371B5360015255E /* Project object */ = {
			isa = PBXProject;
			attributes = {
				LastSwiftUpdateCheck = 1120;
				LastUpgradeCheck = 1120;
				ORGANIZATIONNAME = CypherPoet;
				TargetAttributes = {
					F3171A3D2371B5360015255E = {
						CreatedOnToolsVersion = 11.2;
					};
				};
			};
			buildConfigurationList = F3171A392371B5360015255E /* Build configuration list for PBXProject "DrawingSandbox" */;
			compatibilityVersion = "Xcode 9.3";
			developmentRegion = en;
			hasScannedForEncodings = 0;
			knownRegions = (
				en,
				Base,
			);
			mainGroup = F3171A352371B5360015255E;
			productRefGroup = F3171A3F2371B5360015255E /* Products */;
			projectDirPath = "";
			projectRoot = "";
			targets = (
				F3171A3D2371B5360015255E /* DrawingSandbox */,
			);
		};
/* End PBXProject section */

/* Begin PBXResourcesBuildPhase section */
		F3171A3C2371B5360015255E /* Resources */ = {
			isa = PBXResourcesBuildPhase;
			buildActionMask = 2147483647;
			files = (
				F3171A4E2371B5390015255E /* LaunchScreen.storyboard in Resources */,
				F3171A4B2371B5390015255E /* Preview Assets.xcassets in Resources */,
				F3171A482371B5390015255E /* Assets.xcassets in Resources */,
			);
			runOnlyForDeploymentPostprocessing = 0;
		};
/* End PBXResourcesBuildPhase section */

/* Begin PBXSourcesBuildPhase section */
		F3171A3A2371B5360015255E /* Sources */ = {
			isa = PBXSourcesBuildPhase;
			buildActionMask = 2147483647;
			files = (
				F3171A422371B5360015255E /* AppDelegate.swift in Sources */,
				F3171A602371C9E70015255E /* CustomShapesExample.swift in Sources */,
				F3171A652371D09F0015255E /* Arc.swift in Sources */,
				F3171A572371B83D0015255E /* MainView.swift in Sources */,
				F3D0D355237253DB001524CD /* RadialFlowerExample.swift in Sources */,
				F3171A632371CA470015255E /* Triangle.swift in Sources */,
				F3D0D35723725622001524CD /* RadialFlower.swift in Sources */,
				F3171A5E2371BC300015255E /* TrianglePathExample.swift in Sources */,
				F3171A442371B5360015255E /* SceneDelegate.swift in Sources */,
			);
			runOnlyForDeploymentPostprocessing = 0;
		};
/* End PBXSourcesBuildPhase section */

/* Begin PBXVariantGroup section */
		F3171A4C2371B5390015255E /* LaunchScreen.storyboard */ = {
			isa = PBXVariantGroup;
			children = (
				F3171A4D2371B5390015255E /* Base */,
			);
			name = LaunchScreen.storyboard;
			sourceTree = "<group>";
		};
/* End PBXVariantGroup section */

/* Begin XCBuildConfiguration section */
		F3171A502371B5390015255E /* Debug */ = {
			isa = XCBuildConfiguration;
			buildSettings = {
				ALWAYS_SEARCH_USER_PATHS = NO;
				CLANG_ANALYZER_NONNULL = YES;
				CLANG_ANALYZER_NUMBER_OBJECT_CONVERSION = YES_AGGRESSIVE;
				CLANG_CXX_LANGUAGE_STANDARD = "gnu++14";
				CLANG_CXX_LIBRARY = "libc++";
				CLANG_ENABLE_MODULES = YES;
				CLANG_ENABLE_OBJC_ARC = YES;
				CLANG_ENABLE_OBJC_WEAK = YES;
				CLANG_WARN_BLOCK_CAPTURE_AUTORELEASING = YES;
				CLANG_WARN_BOOL_CONVERSION = YES;
				CLANG_WARN_COMMA = YES;
				CLANG_WARN_CONSTANT_CONVERSION = YES;
				CLANG_WARN_DEPRECATED_OBJC_IMPLEMENTATIONS = YES;
				CLANG_WARN_DIRECT_OBJC_ISA_USAGE = YES_ERROR;
				CLANG_WARN_DOCUMENTATION_COMMENTS = YES;
				CLANG_WARN_EMPTY_BODY = YES;
				CLANG_WARN_ENUM_CONVERSION = YES;
				CLANG_WARN_INFINITE_RECURSION = YES;
				CLANG_WARN_INT_CONVERSION = YES;
				CLANG_WARN_NON_LITERAL_NULL_CONVERSION = YES;
				CLANG_WARN_OBJC_IMPLICIT_RETAIN_SELF = YES;
				CLANG_WARN_OBJC_LITERAL_CONVERSION = YES;
				CLANG_WARN_OBJC_ROOT_CLASS = YES_ERROR;
				CLANG_WARN_RANGE_LOOP_ANALYSIS = YES;
				CLANG_WARN_STRICT_PROTOTYPES = YES;
				CLANG_WARN_SUSPICIOUS_MOVE = YES;
				CLANG_WARN_UNGUARDED_AVAILABILITY = YES_AGGRESSIVE;
				CLANG_WARN_UNREACHABLE_CODE = YES;
				CLANG_WARN__DUPLICATE_METHOD_MATCH = YES;
				COPY_PHASE_STRIP = NO;
				DEBUG_INFORMATION_FORMAT = dwarf;
				ENABLE_STRICT_OBJC_MSGSEND = YES;
				ENABLE_TESTABILITY = YES;
				GCC_C_LANGUAGE_STANDARD = gnu11;
				GCC_DYNAMIC_NO_PIC = NO;
				GCC_NO_COMMON_BLOCKS = YES;
				GCC_OPTIMIZATION_LEVEL = 0;
				GCC_PREPROCESSOR_DEFINITIONS = (
					"DEBUG=1",
					"$(inherited)",
				);
				GCC_WARN_64_TO_32_BIT_CONVERSION = YES;
				GCC_WARN_ABOUT_RETURN_TYPE = YES_ERROR;
				GCC_WARN_UNDECLARED_SELECTOR = YES;
				GCC_WARN_UNINITIALIZED_AUTOS = YES_AGGRESSIVE;
				GCC_WARN_UNUSED_FUNCTION = YES;
				GCC_WARN_UNUSED_VARIABLE = YES;
				IPHONEOS_DEPLOYMENT_TARGET = 13.2;
				MTL_ENABLE_DEBUG_INFO = INCLUDE_SOURCE;
				MTL_FAST_MATH = YES;
				ONLY_ACTIVE_ARCH = YES;
				SDKROOT = iphoneos;
				SWIFT_ACTIVE_COMPILATION_CONDITIONS = DEBUG;
				SWIFT_OPTIMIZATION_LEVEL = "-Onone";
			};
			name = Debug;
		};
		F3171A512371B5390015255E /* Release */ = {
			isa = XCBuildConfiguration;
			buildSettings = {
				ALWAYS_SEARCH_USER_PATHS = NO;
				CLANG_ANALYZER_NONNULL = YES;
				CLANG_ANALYZER_NUMBER_OBJECT_CONVERSION = YES_AGGRESSIVE;
				CLANG_CXX_LANGUAGE_STANDARD = "gnu++14";
				CLANG_CXX_LIBRARY = "libc++";
				CLANG_ENABLE_MODULES = YES;
				CLANG_ENABLE_OBJC_ARC = YES;
				CLANG_ENABLE_OBJC_WEAK = YES;
				CLANG_WARN_BLOCK_CAPTURE_AUTORELEASING = YES;
				CLANG_WARN_BOOL_CONVERSION = YES;
				CLANG_WARN_COMMA = YES;
				CLANG_WARN_CONSTANT_CONVERSION = YES;
				CLANG_WARN_DEPRECATED_OBJC_IMPLEMENTATIONS = YES;
				CLANG_WARN_DIRECT_OBJC_ISA_USAGE = YES_ERROR;
				CLANG_WARN_DOCUMENTATION_COMMENTS = YES;
				CLANG_WARN_EMPTY_BODY = YES;
				CLANG_WARN_ENUM_CONVERSION = YES;
				CLANG_WARN_INFINITE_RECURSION = YES;
				CLANG_WARN_INT_CONVERSION = YES;
				CLANG_WARN_NON_LITERAL_NULL_CONVERSION = YES;
				CLANG_WARN_OBJC_IMPLICIT_RETAIN_SELF = YES;
				CLANG_WARN_OBJC_LITERAL_CONVERSION = YES;
				CLANG_WARN_OBJC_ROOT_CLASS = YES_ERROR;
				CLANG_WARN_RANGE_LOOP_ANALYSIS = YES;
				CLANG_WARN_STRICT_PROTOTYPES = YES;
				CLANG_WARN_SUSPICIOUS_MOVE = YES;
				CLANG_WARN_UNGUARDED_AVAILABILITY = YES_AGGRESSIVE;
				CLANG_WARN_UNREACHABLE_CODE = YES;
				CLANG_WARN__DUPLICATE_METHOD_MATCH = YES;
				COPY_PHASE_STRIP = NO;
				DEBUG_INFORMATION_FORMAT = "dwarf-with-dsym";
				ENABLE_NS_ASSERTIONS = NO;
				ENABLE_STRICT_OBJC_MSGSEND = YES;
				GCC_C_LANGUAGE_STANDARD = gnu11;
				GCC_NO_COMMON_BLOCKS = YES;
				GCC_WARN_64_TO_32_BIT_CONVERSION = YES;
				GCC_WARN_ABOUT_RETURN_TYPE = YES_ERROR;
				GCC_WARN_UNDECLARED_SELECTOR = YES;
				GCC_WARN_UNINITIALIZED_AUTOS = YES_AGGRESSIVE;
				GCC_WARN_UNUSED_FUNCTION = YES;
				GCC_WARN_UNUSED_VARIABLE = YES;
				IPHONEOS_DEPLOYMENT_TARGET = 13.2;
				MTL_ENABLE_DEBUG_INFO = NO;
				MTL_FAST_MATH = YES;
				SDKROOT = iphoneos;
				SWIFT_COMPILATION_MODE = wholemodule;
				SWIFT_OPTIMIZATION_LEVEL = "-O";
				VALIDATE_PRODUCT = YES;
			};
			name = Release;
		};
		F3171A532371B5390015255E /* Debug */ = {
			isa = XCBuildConfiguration;
			buildSettings = {
				ASSETCATALOG_COMPILER_APPICON_NAME = AppIcon;
				CODE_SIGN_STYLE = Automatic;
				DEVELOPMENT_ASSET_PATHS = "\"DrawingSandbox/Preview Content\"";
				DEVELOPMENT_TEAM = QRXXH2RKAG;
				ENABLE_PREVIEWS = YES;
				INFOPLIST_FILE = DrawingSandbox/Info.plist;
				LD_RUNPATH_SEARCH_PATHS = (
					"$(inherited)",
					"@executable_path/Frameworks",
				);
				PRODUCT_BUNDLE_IDENTIFIER = io.github.cypherpoet.DrawingSandbox;
				PRODUCT_NAME = "$(TARGET_NAME)";
				SWIFT_VERSION = 5.0;
				TARGETED_DEVICE_FAMILY = "1,2";
			};
			name = Debug;
		};
		F3171A542371B5390015255E /* Release */ = {
			isa = XCBuildConfiguration;
			buildSettings = {
				ASSETCATALOG_COMPILER_APPICON_NAME = AppIcon;
				CODE_SIGN_STYLE = Automatic;
				DEVELOPMENT_ASSET_PATHS = "\"DrawingSandbox/Preview Content\"";
				DEVELOPMENT_TEAM = QRXXH2RKAG;
				ENABLE_PREVIEWS = YES;
				INFOPLIST_FILE = DrawingSandbox/Info.plist;
				LD_RUNPATH_SEARCH_PATHS = (
					"$(inherited)",
					"@executable_path/Frameworks",
				);
				PRODUCT_BUNDLE_IDENTIFIER = io.github.cypherpoet.DrawingSandbox;
				PRODUCT_NAME = "$(TARGET_NAME)";
				SWIFT_VERSION = 5.0;
				TARGETED_DEVICE_FAMILY = "1,2";
			};
			name = Release;
		};
/* End XCBuildConfiguration section */

/* Begin XCConfigurationList section */
		F3171A392371B5360015255E /* Build configuration list for PBXProject "DrawingSandbox" */ = {
			isa = XCConfigurationList;
			buildConfigurations = (
				F3171A502371B5390015255E /* Debug */,
				F3171A512371B5390015255E /* Release */,
			);
			defaultConfigurationIsVisible = 0;
			defaultConfigurationName = Release;
		};
		F3171A522371B5390015255E /* Build configuration list for PBXNativeTarget "DrawingSandbox" */ = {
			isa = XCConfigurationList;
			buildConfigurations = (
				F3171A532371B5390015255E /* Debug */,
				F3171A542371B5390015255E /* Release */,
			);
			defaultConfigurationIsVisible = 0;
			defaultConfigurationName = Release;
		};
/* End XCConfigurationList section */
	};
	rootObject = F3171A362371B5360015255E /* Project object */;
}
