// !$*UTF8*$!
{
	archiveVersion = 1;
	classes = {
	};
	objectVersion = 52;
	objects = {

/* Begin PBXBuildFile section */
		F36D28F023987DE700095B66 /* AppDelegate.swift in Sources */ = {isa = PBXBuildFile; fileRef = F36D28EF23987DE700095B66 /* AppDelegate.swift */; };
		F36D28F223987DE700095B66 /* SceneDelegate.swift in Sources */ = {isa = PBXBuildFile; fileRef = F36D28F123987DE700095B66 /* SceneDelegate.swift */; };
		F36D28F523987DE700095B66 /* PlaceCase.xcdatamodeld in Sources */ = {isa = PBXBuildFile; fileRef = F36D28F323987DE700095B66 /* PlaceCase.xcdatamodeld */; };
		F36D28F923987DE900095B66 /* Assets.xcassets in Resources */ = {isa = PBXBuildFile; fileRef = F36D28F823987DE900095B66 /* Assets.xcassets */; };
		F36D28FC23987DE900095B66 /* Preview Assets.xcassets in Resources */ = {isa = PBXBuildFile; fileRef = F36D28FB23987DE900095B66 /* Preview Assets.xcassets */; };
		F36D28FF23987DE900095B66 /* LaunchScreen.storyboard in Resources */ = {isa = PBXBuildFile; fileRef = F36D28FD23987DE900095B66 /* LaunchScreen.storyboard */; };
		F36D295F239A071F00095B66 /* CoreDataManager.swift in Sources */ = {isa = PBXBuildFile; fileRef = F36D295E239A071F00095B66 /* CoreDataManager.swift */; };
		F36D2965239A0ACA00095B66 /* LocationCollectionMapView.swift in Sources */ = {isa = PBXBuildFile; fileRef = F36D2963239A0ACA00095B66 /* LocationCollectionMapView.swift */; };
		F36D2966239A0ACA00095B66 /* LocationCollectionMapView+Coordinator.swift in Sources */ = {isa = PBXBuildFile; fileRef = F36D2964239A0ACA00095B66 /* LocationCollectionMapView+Coordinator.swift */; };
		F374DC0A239A431E0016CC65 /* LocationCollectionView.swift in Sources */ = {isa = PBXBuildFile; fileRef = F374DC09239A431E0016CC65 /* LocationCollectionView.swift */; };
		F374DC14239A4B2C0016CC65 /* Location+CoreDataClass.swift in Sources */ = {isa = PBXBuildFile; fileRef = F374DC12239A4B2B0016CC65 /* Location+CoreDataClass.swift */; };
		F374DC15239A4B2C0016CC65 /* Location+CoreDataProperties.swift in Sources */ = {isa = PBXBuildFile; fileRef = F374DC13239A4B2B0016CC65 /* Location+CoreDataProperties.swift */; };
		F374DC18239A4B790016CC65 /* LocationCollection+CoreDataClass.swift in Sources */ = {isa = PBXBuildFile; fileRef = F374DC16239A4B790016CC65 /* LocationCollection+CoreDataClass.swift */; };
		F374DC19239A4B790016CC65 /* LocationCollection+CoreDataProperties.swift in Sources */ = {isa = PBXBuildFile; fileRef = F374DC17239A4B790016CC65 /* LocationCollection+CoreDataProperties.swift */; };
		F374DC1C239A57620016CC65 /* Locations.swift in Sources */ = {isa = PBXBuildFile; fileRef = F374DC1B239A57620016CC65 /* Locations.swift */; };
		F374DC36239B96780016CC65 /* AuthenticationService.swift in Sources */ = {isa = PBXBuildFile; fileRef = F374DC35239B96770016CC65 /* AuthenticationService.swift */; };
		F394D08E239D5E70002E8FFC /* LocationCollection+FetchHelpers.swift in Sources */ = {isa = PBXBuildFile; fileRef = F394D08D239D5E70002E8FFC /* LocationCollection+FetchHelpers.swift */; };
		F394D098239E76E4002E8FFC /* CypherPoetSwiftUIKit in Frameworks */ = {isa = PBXBuildFile; productRef = F394D097239E76E4002E8FFC /* CypherPoetSwiftUIKit */; };
		F394D09A239E7704002E8FFC /* AppState.swift in Sources */ = {isa = PBXBuildFile; fileRef = F394D099239E7704002E8FFC /* AppState.swift */; };
		F394D09C239E77B0002E8FFC /* LocationCollectionsState.swift in Sources */ = {isa = PBXBuildFile; fileRef = F394D09B239E77B0002E8FFC /* LocationCollectionsState.swift */; };
		F394D09F239E7EC6002E8FFC /* Burritos in Frameworks */ = {isa = PBXBuildFile; productRef = F394D09E239E7EC6002E8FFC /* Burritos */; };
		F394D0A1239EC7C2002E8FFC /* AppStore.swift in Sources */ = {isa = PBXBuildFile; fileRef = F394D0A0239EC7C2002E8FFC /* AppStore.swift */; };
		F394D0A8239FC6E2002E8FFC /* LocationCollectionsListView.swift in Sources */ = {isa = PBXBuildFile; fileRef = F394D0A7239FC6E2002E8FFC /* LocationCollectionsListView.swift */; };
		F39A41BA23A3E2BB00F3B91D /* Binding+OptionalWrappers.swift in Sources */ = {isa = PBXBuildFile; fileRef = F39A41B923A3E2BB00F3B91D /* Binding+OptionalWrappers.swift */; };
		F39A41BD23A3F53E00F3B91D /* EditLocationView.swift in Sources */ = {isa = PBXBuildFile; fileRef = F39A41BC23A3F53E00F3B91D /* EditLocationView.swift */; };
		F3BF5BE1239BA2E900B9F8D8 /* LocationCollectionViewModel.swift in Sources */ = {isa = PBXBuildFile; fileRef = F3BF5BE0239BA2E900B9F8D8 /* LocationCollectionViewModel.swift */; };
		F3BF5BE7239CF84D00B9F8D8 /* LocationCollection+Computeds.swift in Sources */ = {isa = PBXBuildFile; fileRef = F3BF5BE6239CF84D00B9F8D8 /* LocationCollection+Computeds.swift */; };
		F3BF5BE9239CF89B00B9F8D8 /* Location+Comparable.swift in Sources */ = {isa = PBXBuildFile; fileRef = F3BF5BE8239CF89B00B9F8D8 /* Location+Comparable.swift */; };
		F3BF5C0E239D332400B9F8D8 /* Location+LocationAnnotation.swift in Sources */ = {isa = PBXBuildFile; fileRef = F3BF5C0D239D332400B9F8D8 /* Location+LocationAnnotation.swift */; };
		F3BF5C11239D33D600B9F8D8 /* LocationAnnotation.swift in Sources */ = {isa = PBXBuildFile; fileRef = F3BF5C10239D33D600B9F8D8 /* LocationAnnotation.swift */; };
		F3BF5C14239D3DC000B9F8D8 /* Double+IsValidCoordinate.swift in Sources */ = {isa = PBXBuildFile; fileRef = F3BF5C13239D3DC000B9F8D8 /* Double+IsValidCoordinate.swift */; };
		F3BF5C16239D41D700B9F8D8 /* LocationCollectionsContainerView.swift in Sources */ = {isa = PBXBuildFile; fileRef = F3BF5C15239D41D700B9F8D8 /* LocationCollectionsContainerView.swift */; };
		F3BF5C18239D425400B9F8D8 /* LocationCollectionsContainerViewModel.swift in Sources */ = {isa = PBXBuildFile; fileRef = F3BF5C17239D425400B9F8D8 /* LocationCollectionsContainerViewModel.swift */; };
		F3BF5C1A239D467F00B9F8D8 /* Location+FetchHelpers.swift in Sources */ = {isa = PBXBuildFile; fileRef = F3BF5C19239D467F00B9F8D8 /* Location+FetchHelpers.swift */; };
		F3BF5C1D239D4F8F00B9F8D8 /* CypherPoetCoreDataKit in Frameworks */ = {isa = PBXBuildFile; productRef = F3BF5C1C239D4F8F00B9F8D8 /* CypherPoetCoreDataKit */; };
		F3BF5C1F239D53B700B9F8D8 /* SampleData.swift in Sources */ = {isa = PBXBuildFile; fileRef = F3BF5C1E239D53B700B9F8D8 /* SampleData.swift */; };
		F3BF5C21239D549E00B9F8D8 /* LocationCollections.swift in Sources */ = {isa = PBXBuildFile; fileRef = F3BF5C20239D549E00B9F8D8 /* LocationCollections.swift */; };
/* End PBXBuildFile section */

/* Begin PBXFileReference section */
		F36D28EC23987DE700095B66 /* PlaceCase.app */ = {isa = PBXFileReference; explicitFileType = wrapper.application; includeInIndex = 0; path = PlaceCase.app; sourceTree = BUILT_PRODUCTS_DIR; };
		F36D28EF23987DE700095B66 /* AppDelegate.swift */ = {isa = PBXFileReference; lastKnownFileType = sourcecode.swift; path = AppDelegate.swift; sourceTree = "<group>"; };
		F36D28F123987DE700095B66 /* SceneDelegate.swift */ = {isa = PBXFileReference; lastKnownFileType = sourcecode.swift; path = SceneDelegate.swift; sourceTree = "<group>"; };
		F36D28F423987DE700095B66 /* PlaceCase.xcdatamodel */ = {isa = PBXFileReference; lastKnownFileType = wrapper.xcdatamodel; path = PlaceCase.xcdatamodel; sourceTree = "<group>"; };
		F36D28F823987DE900095B66 /* Assets.xcassets */ = {isa = PBXFileReference; lastKnownFileType = folder.assetcatalog; path = Assets.xcassets; sourceTree = "<group>"; };
		F36D28FB23987DE900095B66 /* Preview Assets.xcassets */ = {isa = PBXFileReference; lastKnownFileType = folder.assetcatalog; path = "Preview Assets.xcassets"; sourceTree = "<group>"; };
		F36D28FE23987DE900095B66 /* Base */ = {isa = PBXFileReference; lastKnownFileType = file.storyboard; name = Base; path = Base.lproj/LaunchScreen.storyboard; sourceTree = "<group>"; };
		F36D290023987DE900095B66 /* Info.plist */ = {isa = PBXFileReference; lastKnownFileType = text.plist.xml; path = Info.plist; sourceTree = "<group>"; };
		F36D295E239A071F00095B66 /* CoreDataManager.swift */ = {isa = PBXFileReference; lastKnownFileType = sourcecode.swift; path = CoreDataManager.swift; sourceTree = "<group>"; };
		F36D2963239A0ACA00095B66 /* LocationCollectionMapView.swift */ = {isa = PBXFileReference; lastKnownFileType = sourcecode.swift; path = LocationCollectionMapView.swift; sourceTree = "<group>"; };
		F36D2964239A0ACA00095B66 /* LocationCollectionMapView+Coordinator.swift */ = {isa = PBXFileReference; lastKnownFileType = sourcecode.swift; path = "LocationCollectionMapView+Coordinator.swift"; sourceTree = "<group>"; };
		F374DC09239A431E0016CC65 /* LocationCollectionView.swift */ = {isa = PBXFileReference; lastKnownFileType = sourcecode.swift; path = LocationCollectionView.swift; sourceTree = "<group>"; };
		F374DC12239A4B2B0016CC65 /* Location+CoreDataClass.swift */ = {isa = PBXFileReference; lastKnownFileType = sourcecode.swift; path = "Location+CoreDataClass.swift"; sourceTree = "<group>"; };
		F374DC13239A4B2B0016CC65 /* Location+CoreDataProperties.swift */ = {isa = PBXFileReference; lastKnownFileType = sourcecode.swift; path = "Location+CoreDataProperties.swift"; sourceTree = "<group>"; };
		F374DC16239A4B790016CC65 /* LocationCollection+CoreDataClass.swift */ = {isa = PBXFileReference; lastKnownFileType = sourcecode.swift; path = "LocationCollection+CoreDataClass.swift"; sourceTree = "<group>"; };
		F374DC17239A4B790016CC65 /* LocationCollection+CoreDataProperties.swift */ = {isa = PBXFileReference; lastKnownFileType = sourcecode.swift; path = "LocationCollection+CoreDataProperties.swift"; sourceTree = "<group>"; };
		F374DC1B239A57620016CC65 /* Locations.swift */ = {isa = PBXFileReference; lastKnownFileType = sourcecode.swift; path = Locations.swift; sourceTree = "<group>"; };
		F374DC35239B96770016CC65 /* AuthenticationService.swift */ = {isa = PBXFileReference; lastKnownFileType = sourcecode.swift; path = AuthenticationService.swift; sourceTree = "<group>"; };
		F394D08D239D5E70002E8FFC /* LocationCollection+FetchHelpers.swift */ = {isa = PBXFileReference; lastKnownFileType = sourcecode.swift; path = "LocationCollection+FetchHelpers.swift"; sourceTree = "<group>"; };
		F394D099239E7704002E8FFC /* AppState.swift */ = {isa = PBXFileReference; lastKnownFileType = sourcecode.swift; path = AppState.swift; sourceTree = "<group>"; };
		F394D09B239E77B0002E8FFC /* LocationCollectionsState.swift */ = {isa = PBXFileReference; lastKnownFileType = sourcecode.swift; path = LocationCollectionsState.swift; sourceTree = "<group>"; };
		F394D0A0239EC7C2002E8FFC /* AppStore.swift */ = {isa = PBXFileReference; lastKnownFileType = sourcecode.swift; path = AppStore.swift; sourceTree = "<group>"; };
		F394D0A7239FC6E2002E8FFC /* LocationCollectionsListView.swift */ = {isa = PBXFileReference; lastKnownFileType = sourcecode.swift; path = LocationCollectionsListView.swift; sourceTree = "<group>"; };
		F39A41B923A3E2BB00F3B91D /* Binding+OptionalWrappers.swift */ = {isa = PBXFileReference; lastKnownFileType = sourcecode.swift; path = "Binding+OptionalWrappers.swift"; sourceTree = "<group>"; };
		F39A41BC23A3F53E00F3B91D /* EditLocationView.swift */ = {isa = PBXFileReference; lastKnownFileType = sourcecode.swift; path = EditLocationView.swift; sourceTree = "<group>"; };
		F3BF5BE0239BA2E900B9F8D8 /* LocationCollectionViewModel.swift */ = {isa = PBXFileReference; lastKnownFileType = sourcecode.swift; path = LocationCollectionViewModel.swift; sourceTree = "<group>"; };
		F3BF5BE6239CF84D00B9F8D8 /* LocationCollection+Computeds.swift */ = {isa = PBXFileReference; lastKnownFileType = sourcecode.swift; path = "LocationCollection+Computeds.swift"; sourceTree = "<group>"; };
		F3BF5BE8239CF89B00B9F8D8 /* Location+Comparable.swift */ = {isa = PBXFileReference; lastKnownFileType = sourcecode.swift; path = "Location+Comparable.swift"; sourceTree = "<group>"; };
		F3BF5C0D239D332400B9F8D8 /* Location+LocationAnnotation.swift */ = {isa = PBXFileReference; lastKnownFileType = sourcecode.swift; path = "Location+LocationAnnotation.swift"; sourceTree = "<group>"; };
		F3BF5C10239D33D600B9F8D8 /* LocationAnnotation.swift */ = {isa = PBXFileReference; lastKnownFileType = sourcecode.swift; path = LocationAnnotation.swift; sourceTree = "<group>"; };
		F3BF5C13239D3DC000B9F8D8 /* Double+IsValidCoordinate.swift */ = {isa = PBXFileReference; lastKnownFileType = sourcecode.swift; path = "Double+IsValidCoordinate.swift"; sourceTree = "<group>"; };
		F3BF5C15239D41D700B9F8D8 /* LocationCollectionsContainerView.swift */ = {isa = PBXFileReference; lastKnownFileType = sourcecode.swift; path = LocationCollectionsContainerView.swift; sourceTree = "<group>"; };
		F3BF5C17239D425400B9F8D8 /* LocationCollectionsContainerViewModel.swift */ = {isa = PBXFileReference; lastKnownFileType = sourcecode.swift; path = LocationCollectionsContainerViewModel.swift; sourceTree = "<group>"; };
		F3BF5C19239D467F00B9F8D8 /* Location+FetchHelpers.swift */ = {isa = PBXFileReference; lastKnownFileType = sourcecode.swift; path = "Location+FetchHelpers.swift"; sourceTree = "<group>"; };
		F3BF5C1E239D53B700B9F8D8 /* SampleData.swift */ = {isa = PBXFileReference; lastKnownFileType = sourcecode.swift; path = SampleData.swift; sourceTree = "<group>"; };
		F3BF5C20239D549E00B9F8D8 /* LocationCollections.swift */ = {isa = PBXFileReference; lastKnownFileType = sourcecode.swift; path = LocationCollections.swift; sourceTree = "<group>"; };
/* End PBXFileReference section */

/* Begin PBXFrameworksBuildPhase section */
		F36D28E923987DE700095B66 /* Frameworks */ = {
			isa = PBXFrameworksBuildPhase;
			buildActionMask = 2147483647;
			files = (
				F394D098239E76E4002E8FFC /* CypherPoetSwiftUIKit in Frameworks */,
				F3BF5C1D239D4F8F00B9F8D8 /* CypherPoetCoreDataKit in Frameworks */,
				F394D09F239E7EC6002E8FFC /* Burritos in Frameworks */,
			);
			runOnlyForDeploymentPostprocessing = 0;
		};
/* End PBXFrameworksBuildPhase section */

/* Begin PBXGroup section */
		F36D28E323987DE700095B66 = {
			isa = PBXGroup;
			children = (
				F36D28EE23987DE700095B66 /* PlaceCase */,
				F36D28ED23987DE700095B66 /* Products */,
			);
			sourceTree = "<group>";
		};
		F36D28ED23987DE700095B66 /* Products */ = {
			isa = PBXGroup;
			children = (
				F36D28EC23987DE700095B66 /* PlaceCase.app */,
			);
			name = Products;
			sourceTree = "<group>";
		};
		F36D28EE23987DE700095B66 /* PlaceCase */ = {
			isa = PBXGroup;
			children = (
				F36D290023987DE900095B66 /* Info.plist */,
				F36D28EF23987DE700095B66 /* AppDelegate.swift */,
				F36D28F123987DE700095B66 /* SceneDelegate.swift */,
				F36D295A239A04B800095B66 /* Data */,
				F36D28FD23987DE900095B66 /* LaunchScreen.storyboard */,
				F36D28FA23987DE900095B66 /* Preview Content */,
				F36D295B239A04BC00095B66 /* Resources */,
				F36D2960239A093800095B66 /* Reusables */,
				F36D295C239A04C300095B66 /* Scenes */,
			);
			path = PlaceCase;
			sourceTree = "<group>";
		};
		F36D28FA23987DE900095B66 /* Preview Content */ = {
			isa = PBXGroup;
			children = (
				F374DC1A239A57470016CC65 /* SampleData */,
				F36D28FB23987DE900095B66 /* Preview Assets.xcassets */,
			);
			path = "Preview Content";
			sourceTree = "<group>";
		};
		F36D295A239A04B800095B66 /* Data */ = {
			isa = PBXGroup;
			children = (
				F394D08F239D6A0B002E8FFC /* State */,
				F374DC0F239A4ACA0016CC65 /* Models */,
				F36D28F323987DE700095B66 /* PlaceCase.xcdatamodeld */,
				F36D295E239A071F00095B66 /* CoreDataManager.swift */,
			);
			path = Data;
			sourceTree = "<group>";
		};
		F36D295B239A04BC00095B66 /* Resources */ = {
			isa = PBXGroup;
			children = (
				F36D28F823987DE900095B66 /* Assets.xcassets */,
			);
			path = Resources;
			sourceTree = "<group>";
		};
		F36D295C239A04C300095B66 /* Scenes */ = {
			isa = PBXGroup;
			children = (
				F374DC08239A42C90016CC65 /* Location Collection */,
				F3BF5C15239D41D700B9F8D8 /* LocationCollectionsContainerView.swift */,
				F394D0A7239FC6E2002E8FFC /* LocationCollectionsListView.swift */,
				F3BF5C17239D425400B9F8D8 /* LocationCollectionsContainerViewModel.swift */,
			);
			path = Scenes;
			sourceTree = "<group>";
		};
		F36D2960239A093800095B66 /* Reusables */ = {
			isa = PBXGroup;
			children = (
				F3BF5C12239D3DAE00B9F8D8 /* Extensions */,
				F3BF5C0F239D33BE00B9F8D8 /* Protocols */,
				F36D2961239A093D00095B66 /* Views */,
				F374DC35239B96770016CC65 /* AuthenticationService.swift */,
			);
			path = Reusables;
			sourceTree = "<group>";
		};
		F36D2961239A093D00095B66 /* Views */ = {
			isa = PBXGroup;
			children = (
				F36D2962239A0A6900095B66 /* LocationCollectionMapView */,
			);
			path = Views;
			sourceTree = "<group>";
		};
		F36D2962239A0A6900095B66 /* LocationCollectionMapView */ = {
			isa = PBXGroup;
			children = (
				F36D2963239A0ACA00095B66 /* LocationCollectionMapView.swift */,
				F36D2964239A0ACA00095B66 /* LocationCollectionMapView+Coordinator.swift */,
			);
			path = LocationCollectionMapView;
			sourceTree = "<group>";
		};
		F374DC08239A42C90016CC65 /* Location Collection */ = {
			isa = PBXGroup;
			children = (
				F374DC09239A431E0016CC65 /* LocationCollectionView.swift */,
				F39A41BB23A3F52600F3B91D /* Edit Location */,
				F3BF5BE0239BA2E900B9F8D8 /* LocationCollectionViewModel.swift */,
			);
			path = "Location Collection";
			sourceTree = "<group>";
		};
		F374DC0F239A4ACA0016CC65 /* Models */ = {
			isa = PBXGroup;
			children = (
				F374DC11239A4AEC0016CC65 /* Location */,
				F374DC10239A4AE00016CC65 /* Location Collection */,
			);
			path = Models;
			sourceTree = "<group>";
		};
		F374DC10239A4AE00016CC65 /* Location Collection */ = {
			isa = PBXGroup;
			children = (
				F374DC16239A4B790016CC65 /* LocationCollection+CoreDataClass.swift */,
				F374DC17239A4B790016CC65 /* LocationCollection+CoreDataProperties.swift */,
				F3BF5BE6239CF84D00B9F8D8 /* LocationCollection+Computeds.swift */,
				F394D08D239D5E70002E8FFC /* LocationCollection+FetchHelpers.swift */,
			);
			path = "Location Collection";
			sourceTree = "<group>";
		};
		F374DC11239A4AEC0016CC65 /* Location */ = {
			isa = PBXGroup;
			children = (
				F374DC12239A4B2B0016CC65 /* Location+CoreDataClass.swift */,
				F374DC13239A4B2B0016CC65 /* Location+CoreDataProperties.swift */,
				F3BF5C19239D467F00B9F8D8 /* Location+FetchHelpers.swift */,
				F3BF5BE8239CF89B00B9F8D8 /* Location+Comparable.swift */,
				F3BF5C0D239D332400B9F8D8 /* Location+LocationAnnotation.swift */,
			);
			path = Location;
			sourceTree = "<group>";
		};
		F374DC1A239A57470016CC65 /* SampleData */ = {
			isa = PBXGroup;
			children = (
				F374DC1B239A57620016CC65 /* Locations.swift */,
				F3BF5C20239D549E00B9F8D8 /* LocationCollections.swift */,
				F3BF5C1E239D53B700B9F8D8 /* SampleData.swift */,
				F394D0A0239EC7C2002E8FFC /* AppStore.swift */,
			);
			path = SampleData;
			sourceTree = "<group>";
		};
		F394D08F239D6A0B002E8FFC /* State */ = {
			isa = PBXGroup;
			children = (
				F394D099239E7704002E8FFC /* AppState.swift */,
				F394D09B239E77B0002E8FFC /* LocationCollectionsState.swift */,
			);
			path = State;
			sourceTree = "<group>";
		};
		F39A41BB23A3F52600F3B91D /* Edit Location */ = {
			isa = PBXGroup;
			children = (
				F39A41BC23A3F53E00F3B91D /* EditLocationView.swift */,
			);
			path = "Edit Location";
			sourceTree = "<group>";
		};
		F3BF5C0F239D33BE00B9F8D8 /* Protocols */ = {
			isa = PBXGroup;
			children = (
				F3BF5C10239D33D600B9F8D8 /* LocationAnnotation.swift */,
			);
			path = Protocols;
			sourceTree = "<group>";
		};
		F3BF5C12239D3DAE00B9F8D8 /* Extensions */ = {
			isa = PBXGroup;
			children = (
				F3BF5C13239D3DC000B9F8D8 /* Double+IsValidCoordinate.swift */,
				F39A41B923A3E2BB00F3B91D /* Binding+OptionalWrappers.swift */,
			);
			path = Extensions;
			sourceTree = "<group>";
		};
/* End PBXGroup section */

/* Begin PBXNativeTarget section */
		F36D28EB23987DE700095B66 /* PlaceCase */ = {
			isa = PBXNativeTarget;
			buildConfigurationList = F36D290323987DE900095B66 /* Build configuration list for PBXNativeTarget "PlaceCase" */;
			buildPhases = (
				F36D28E823987DE700095B66 /* Sources */,
				F36D28E923987DE700095B66 /* Frameworks */,
				F36D28EA23987DE700095B66 /* Resources */,
			);
			buildRules = (
			);
			dependencies = (
			);
			name = PlaceCase;
			packageProductDependencies = (
				F3BF5C1C239D4F8F00B9F8D8 /* CypherPoetCoreDataKit */,
				F394D097239E76E4002E8FFC /* CypherPoetSwiftUIKit */,
				F394D09E239E7EC6002E8FFC /* Burritos */,
			);
			productName = PlaceCase;
			productReference = F36D28EC23987DE700095B66 /* PlaceCase.app */;
			productType = "com.apple.product-type.application";
		};
/* End PBXNativeTarget section */

/* Begin PBXProject section */
		F36D28E423987DE700095B66 /* Project object */ = {
			isa = PBXProject;
			attributes = {
				LastSwiftUpdateCheck = 1120;
				LastUpgradeCheck = 1120;
				ORGANIZATIONNAME = CypherPoet;
				TargetAttributes = {
					F36D28EB23987DE700095B66 = {
						CreatedOnToolsVersion = 11.2.1;
					};
				};
			};
			buildConfigurationList = F36D28E723987DE700095B66 /* Build configuration list for PBXProject "PlaceCase" */;
			compatibilityVersion = "Xcode 9.3";
			developmentRegion = en;
			hasScannedForEncodings = 0;
			knownRegions = (
				en,
				Base,
			);
			mainGroup = F36D28E323987DE700095B66;
			packageReferences = (
				F3BF5C1B239D4F8F00B9F8D8 /* XCRemoteSwiftPackageReference "CypherPoetCoreDataKit" */,
				F394D096239E76E4002E8FFC /* XCRemoteSwiftPackageReference "CypherPoetSwiftUIKit" */,
				F394D09D239E7EC6002E8FFC /* XCRemoteSwiftPackageReference "Burritos" */,
			);
			productRefGroup = F36D28ED23987DE700095B66 /* Products */;
			projectDirPath = "";
			projectRoot = "";
			targets = (
				F36D28EB23987DE700095B66 /* PlaceCase */,
			);
		};
/* End PBXProject section */

/* Begin PBXResourcesBuildPhase section */
		F36D28EA23987DE700095B66 /* Resources */ = {
			isa = PBXResourcesBuildPhase;
			buildActionMask = 2147483647;
			files = (
				F36D28FF23987DE900095B66 /* LaunchScreen.storyboard in Resources */,
				F36D28FC23987DE900095B66 /* Preview Assets.xcassets in Resources */,
				F36D28F923987DE900095B66 /* Assets.xcassets in Resources */,
			);
			runOnlyForDeploymentPostprocessing = 0;
		};
/* End PBXResourcesBuildPhase section */

/* Begin PBXSourcesBuildPhase section */
		F36D28E823987DE700095B66 /* Sources */ = {
			isa = PBXSourcesBuildPhase;
			buildActionMask = 2147483647;
			files = (
				F394D0A8239FC6E2002E8FFC /* LocationCollectionsListView.swift in Sources */,
				F394D09C239E77B0002E8FFC /* LocationCollectionsState.swift in Sources */,
				F3BF5C1F239D53B700B9F8D8 /* SampleData.swift in Sources */,
				F374DC18239A4B790016CC65 /* LocationCollection+CoreDataClass.swift in Sources */,
				F36D28F023987DE700095B66 /* AppDelegate.swift in Sources */,
				F36D28F223987DE700095B66 /* SceneDelegate.swift in Sources */,
				F3BF5C14239D3DC000B9F8D8 /* Double+IsValidCoordinate.swift in Sources */,
				F3BF5C18239D425400B9F8D8 /* LocationCollectionsContainerViewModel.swift in Sources */,
				F36D2965239A0ACA00095B66 /* LocationCollectionMapView.swift in Sources */,
				F374DC19239A4B790016CC65 /* LocationCollection+CoreDataProperties.swift in Sources */,
				F3BF5C11239D33D600B9F8D8 /* LocationAnnotation.swift in Sources */,
				F3BF5BE7239CF84D00B9F8D8 /* LocationCollection+Computeds.swift in Sources */,
				F36D2966239A0ACA00095B66 /* LocationCollectionMapView+Coordinator.swift in Sources */,
				F374DC1C239A57620016CC65 /* Locations.swift in Sources */,
				F3BF5C21239D549E00B9F8D8 /* LocationCollections.swift in Sources */,
				F374DC14239A4B2C0016CC65 /* Location+CoreDataClass.swift in Sources */,
				F374DC15239A4B2C0016CC65 /* Location+CoreDataProperties.swift in Sources */,
				F3BF5C1A239D467F00B9F8D8 /* Location+FetchHelpers.swift in Sources */,
				F3BF5BE1239BA2E900B9F8D8 /* LocationCollectionViewModel.swift in Sources */,
				F36D295F239A071F00095B66 /* CoreDataManager.swift in Sources */,
				F394D0A1239EC7C2002E8FFC /* AppStore.swift in Sources */,
				F39A41BA23A3E2BB00F3B91D /* Binding+OptionalWrappers.swift in Sources */,
				F36D28F523987DE700095B66 /* PlaceCase.xcdatamodeld in Sources */,
				F3BF5C16239D41D700B9F8D8 /* LocationCollectionsContainerView.swift in Sources */,
				F39A41BD23A3F53E00F3B91D /* EditLocationView.swift in Sources */,
				F3BF5C0E239D332400B9F8D8 /* Location+LocationAnnotation.swift in Sources */,
				F374DC36239B96780016CC65 /* AuthenticationService.swift in Sources */,
				F3BF5BE9239CF89B00B9F8D8 /* Location+Comparable.swift in Sources */,
				F394D09A239E7704002E8FFC /* AppState.swift in Sources */,
				F374DC0A239A431E0016CC65 /* LocationCollectionView.swift in Sources */,
				F394D08E239D5E70002E8FFC /* LocationCollection+FetchHelpers.swift in Sources */,
			);
			runOnlyForDeploymentPostprocessing = 0;
		};
/* End PBXSourcesBuildPhase section */

/* Begin PBXVariantGroup section */
		F36D28FD23987DE900095B66 /* LaunchScreen.storyboard */ = {
			isa = PBXVariantGroup;
			children = (
				F36D28FE23987DE900095B66 /* Base */,
			);
			name = LaunchScreen.storyboard;
			sourceTree = "<group>";
		};
/* End PBXVariantGroup section */

/* Begin XCBuildConfiguration section */
		F36D290123987DE900095B66 /* Debug */ = {
			isa = XCBuildConfiguration;
			buildSettings = {
				ALWAYS_SEARCH_USER_PATHS = NO;
				CLANG_ANALYZER_NONNULL = YES;
				CLANG_ANALYZER_NUMBER_OBJECT_CONVERSION = YES_AGGRESSIVE;
				CLANG_CXX_LANGUAGE_STANDARD = "gnu++14";
				CLANG_CXX_LIBRARY = "libc++";
				CLANG_ENABLE_MODULES = YES;
				CLANG_ENABLE_OBJC_ARC = YES;
				CLANG_ENABLE_OBJC_WEAK = YES;
				CLANG_WARN_BLOCK_CAPTURE_AUTORELEASING = YES;
				CLANG_WARN_BOOL_CONVERSION = YES;
				CLANG_WARN_COMMA = YES;
				CLANG_WARN_CONSTANT_CONVERSION = YES;
				CLANG_WARN_DEPRECATED_OBJC_IMPLEMENTATIONS = YES;
				CLANG_WARN_DIRECT_OBJC_ISA_USAGE = YES_ERROR;
				CLANG_WARN_DOCUMENTATION_COMMENTS = YES;
				CLANG_WARN_EMPTY_BODY = YES;
				CLANG_WARN_ENUM_CONVERSION = YES;
				CLANG_WARN_INFINITE_RECURSION = YES;
				CLANG_WARN_INT_CONVERSION = YES;
				CLANG_WARN_NON_LITERAL_NULL_CONVERSION = YES;
				CLANG_WARN_OBJC_IMPLICIT_RETAIN_SELF = YES;
				CLANG_WARN_OBJC_LITERAL_CONVERSION = YES;
				CLANG_WARN_OBJC_ROOT_CLASS = YES_ERROR;
				CLANG_WARN_RANGE_LOOP_ANALYSIS = YES;
				CLANG_WARN_STRICT_PROTOTYPES = YES;
				CLANG_WARN_SUSPICIOUS_MOVE = YES;
				CLANG_WARN_UNGUARDED_AVAILABILITY = YES_AGGRESSIVE;
				CLANG_WARN_UNREACHABLE_CODE = YES;
				CLANG_WARN__DUPLICATE_METHOD_MATCH = YES;
				COPY_PHASE_STRIP = NO;
				DEBUG_INFORMATION_FORMAT = dwarf;
				ENABLE_STRICT_OBJC_MSGSEND = YES;
				ENABLE_TESTABILITY = YES;
				GCC_C_LANGUAGE_STANDARD = gnu11;
				GCC_DYNAMIC_NO_PIC = NO;
				GCC_NO_COMMON_BLOCKS = YES;
				GCC_OPTIMIZATION_LEVEL = 0;
				GCC_PREPROCESSOR_DEFINITIONS = (
					"DEBUG=1",
					"$(inherited)",
				);
				GCC_WARN_64_TO_32_BIT_CONVERSION = YES;
				GCC_WARN_ABOUT_RETURN_TYPE = YES_ERROR;
				GCC_WARN_UNDECLARED_SELECTOR = YES;
				GCC_WARN_UNINITIALIZED_AUTOS = YES_AGGRESSIVE;
				GCC_WARN_UNUSED_FUNCTION = YES;
				GCC_WARN_UNUSED_VARIABLE = YES;
				IPHONEOS_DEPLOYMENT_TARGET = 13.2;
				MTL_ENABLE_DEBUG_INFO = INCLUDE_SOURCE;
				MTL_FAST_MATH = YES;
				ONLY_ACTIVE_ARCH = YES;
				SDKROOT = iphoneos;
				SWIFT_ACTIVE_COMPILATION_CONDITIONS = DEBUG;
				SWIFT_OPTIMIZATION_LEVEL = "-Onone";
			};
			name = Debug;
		};
		F36D290223987DE900095B66 /* Release */ = {
			isa = XCBuildConfiguration;
			buildSettings = {
				ALWAYS_SEARCH_USER_PATHS = NO;
				CLANG_ANALYZER_NONNULL = YES;
				CLANG_ANALYZER_NUMBER_OBJECT_CONVERSION = YES_AGGRESSIVE;
				CLANG_CXX_LANGUAGE_STANDARD = "gnu++14";
				CLANG_CXX_LIBRARY = "libc++";
				CLANG_ENABLE_MODULES = YES;
				CLANG_ENABLE_OBJC_ARC = YES;
				CLANG_ENABLE_OBJC_WEAK = YES;
				CLANG_WARN_BLOCK_CAPTURE_AUTORELEASING = YES;
				CLANG_WARN_BOOL_CONVERSION = YES;
				CLANG_WARN_COMMA = YES;
				CLANG_WARN_CONSTANT_CONVERSION = YES;
				CLANG_WARN_DEPRECATED_OBJC_IMPLEMENTATIONS = YES;
				CLANG_WARN_DIRECT_OBJC_ISA_USAGE = YES_ERROR;
				CLANG_WARN_DOCUMENTATION_COMMENTS = YES;
				CLANG_WARN_EMPTY_BODY = YES;
				CLANG_WARN_ENUM_CONVERSION = YES;
				CLANG_WARN_INFINITE_RECURSION = YES;
				CLANG_WARN_INT_CONVERSION = YES;
				CLANG_WARN_NON_LITERAL_NULL_CONVERSION = YES;
				CLANG_WARN_OBJC_IMPLICIT_RETAIN_SELF = YES;
				CLANG_WARN_OBJC_LITERAL_CONVERSION = YES;
				CLANG_WARN_OBJC_ROOT_CLASS = YES_ERROR;
				CLANG_WARN_RANGE_LOOP_ANALYSIS = YES;
				CLANG_WARN_STRICT_PROTOTYPES = YES;
				CLANG_WARN_SUSPICIOUS_MOVE = YES;
				CLANG_WARN_UNGUARDED_AVAILABILITY = YES_AGGRESSIVE;
				CLANG_WARN_UNREACHABLE_CODE = YES;
				CLANG_WARN__DUPLICATE_METHOD_MATCH = YES;
				COPY_PHASE_STRIP = NO;
				DEBUG_INFORMATION_FORMAT = "dwarf-with-dsym";
				ENABLE_NS_ASSERTIONS = NO;
				ENABLE_STRICT_OBJC_MSGSEND = YES;
				GCC_C_LANGUAGE_STANDARD = gnu11;
				GCC_NO_COMMON_BLOCKS = YES;
				GCC_WARN_64_TO_32_BIT_CONVERSION = YES;
				GCC_WARN_ABOUT_RETURN_TYPE = YES_ERROR;
				GCC_WARN_UNDECLARED_SELECTOR = YES;
				GCC_WARN_UNINITIALIZED_AUTOS = YES_AGGRESSIVE;
				GCC_WARN_UNUSED_FUNCTION = YES;
				GCC_WARN_UNUSED_VARIABLE = YES;
				IPHONEOS_DEPLOYMENT_TARGET = 13.2;
				MTL_ENABLE_DEBUG_INFO = NO;
				MTL_FAST_MATH = YES;
				SDKROOT = iphoneos;
				SWIFT_COMPILATION_MODE = wholemodule;
				SWIFT_OPTIMIZATION_LEVEL = "-O";
				VALIDATE_PRODUCT = YES;
			};
			name = Release;
		};
		F36D290423987DE900095B66 /* Debug */ = {
			isa = XCBuildConfiguration;
			buildSettings = {
				ASSETCATALOG_COMPILER_APPICON_NAME = AppIcon;
				CODE_SIGN_STYLE = Automatic;
				DEVELOPMENT_ASSET_PATHS = "\"PlaceCase/Preview Content\"";
				DEVELOPMENT_TEAM = QRXXH2RKAG;
				ENABLE_PREVIEWS = YES;
				INFOPLIST_FILE = PlaceCase/Info.plist;
				LD_RUNPATH_SEARCH_PATHS = (
					"$(inherited)",
					"@executable_path/Frameworks",
				);
				PRODUCT_BUNDLE_IDENTIFIER = io.github.cypherpoet.PlaceCase;
				PRODUCT_NAME = "$(TARGET_NAME)";
				SWIFT_VERSION = 5.0;
				TARGETED_DEVICE_FAMILY = "1,2";
			};
			name = Debug;
		};
		F36D290523987DE900095B66 /* Release */ = {
			isa = XCBuildConfiguration;
			buildSettings = {
				ASSETCATALOG_COMPILER_APPICON_NAME = AppIcon;
				CODE_SIGN_STYLE = Automatic;
				DEVELOPMENT_ASSET_PATHS = "\"PlaceCase/Preview Content\"";
				DEVELOPMENT_TEAM = QRXXH2RKAG;
				ENABLE_PREVIEWS = YES;
				INFOPLIST_FILE = PlaceCase/Info.plist;
				LD_RUNPATH_SEARCH_PATHS = (
					"$(inherited)",
					"@executable_path/Frameworks",
				);
				PRODUCT_BUNDLE_IDENTIFIER = io.github.cypherpoet.PlaceCase;
				PRODUCT_NAME = "$(TARGET_NAME)";
				SWIFT_VERSION = 5.0;
				TARGETED_DEVICE_FAMILY = "1,2";
			};
			name = Release;
		};
/* End XCBuildConfiguration section */

/* Begin XCConfigurationList section */
		F36D28E723987DE700095B66 /* Build configuration list for PBXProject "PlaceCase" */ = {
			isa = XCConfigurationList;
			buildConfigurations = (
				F36D290123987DE900095B66 /* Debug */,
				F36D290223987DE900095B66 /* Release */,
			);
			defaultConfigurationIsVisible = 0;
			defaultConfigurationName = Release;
		};
		F36D290323987DE900095B66 /* Build configuration list for PBXNativeTarget "PlaceCase" */ = {
			isa = XCConfigurationList;
			buildConfigurations = (
				F36D290423987DE900095B66 /* Debug */,
				F36D290523987DE900095B66 /* Release */,
			);
			defaultConfigurationIsVisible = 0;
			defaultConfigurationName = Release;
		};
/* End XCConfigurationList section */

/* Begin XCRemoteSwiftPackageReference section */
		F394D096239E76E4002E8FFC /* XCRemoteSwiftPackageReference "CypherPoetSwiftUIKit" */ = {
			isa = XCRemoteSwiftPackageReference;
			repositoryURL = "https://github.com/CypherPoet/CypherPoetSwiftUIKit.git";
			requirement = {
				kind = upToNextMajorVersion;
				minimumVersion = 0.0.24;
			};
		};
		F394D09D239E7EC6002E8FFC /* XCRemoteSwiftPackageReference "Burritos" */ = {
			isa = XCRemoteSwiftPackageReference;
			repositoryURL = "https://github.com/guillermomuntaner/Burritos.git";
			requirement = {
				kind = upToNextMajorVersion;
				minimumVersion = 0.0.3;
			};
		};
		F3BF5C1B239D4F8F00B9F8D8 /* XCRemoteSwiftPackageReference "CypherPoetCoreDataKit" */ = {
			isa = XCRemoteSwiftPackageReference;
			repositoryURL = "https://github.com/CypherPoet/CypherPoetCoreDataKit.git";
			requirement = {
				kind = upToNextMajorVersion;
				minimumVersion = 0.0.2;
			};
		};
/* End XCRemoteSwiftPackageReference section */

/* Begin XCSwiftPackageProductDependency section */
		F394D097239E76E4002E8FFC /* CypherPoetSwiftUIKit */ = {
			isa = XCSwiftPackageProductDependency;
			package = F394D096239E76E4002E8FFC /* XCRemoteSwiftPackageReference "CypherPoetSwiftUIKit" */;
			productName = CypherPoetSwiftUIKit;
		};
		F394D09E239E7EC6002E8FFC /* Burritos */ = {
			isa = XCSwiftPackageProductDependency;
			package = F394D09D239E7EC6002E8FFC /* XCRemoteSwiftPackageReference "Burritos" */;
			productName = Burritos;
		};
		F3BF5C1C239D4F8F00B9F8D8 /* CypherPoetCoreDataKit */ = {
			isa = XCSwiftPackageProductDependency;
			package = F3BF5C1B239D4F8F00B9F8D8 /* XCRemoteSwiftPackageReference "CypherPoetCoreDataKit" */;
			productName = CypherPoetCoreDataKit;
		};
/* End XCSwiftPackageProductDependency section */

/* Begin XCVersionGroup section */
		F36D28F323987DE700095B66 /* PlaceCase.xcdatamodeld */ = {
			isa = XCVersionGroup;
			children = (
				F36D28F423987DE700095B66 /* PlaceCase.xcdatamodel */,
			);
			currentVersion = F36D28F423987DE700095B66 /* PlaceCase.xcdatamodel */;
			path = PlaceCase.xcdatamodeld;
			sourceTree = "<group>";
			versionGroupType = wrapper.xcdatamodel;
		};
/* End XCVersionGroup section */
	};
	rootObject = F36D28E423987DE700095B66 /* Project object */;
}
